
Microsoft Visual Studio Solution File, Format Version 12.00
# Visual Studio Version 16
VisualStudioVersion = 16.0.29509.3
MinimumVisualStudioVersion = 10.0.40219.1
Project("{9A19103F-16F7-4668-BE54-9A1E7A4F7556}") = "HotelReservations", "HotelReservations\HotelReservations.csproj", "{04540D7B-16FE-4122-B50D-4E0F4CF6F2B2}"
EndProject
Project("{FAE04EC0-301F-11D3-BF4B-00C04F79EFBC}") = "HotelReservations.UnitTests", "HotelReservations.UnitTests\HotelReservations.UnitTests.csproj", "{A9D5CF99-3D8F-4E75-904A-55FF38149CA2}"
EndProject
Global
	GlobalSection(SolutionConfigurationPlatforms) = preSolution
		Debug|Any CPU = Debug|Any CPU
		Release|Any CPU = Release|Any CPU
	EndGlobalSection
	GlobalSection(ProjectConfigurationPlatforms) = postSolution
		{04540D7B-16FE-4122-B50D-4E0F4CF6F2B2}.Debug|Any CPU.ActiveCfg = Debug|Any CPU
		{04540D7B-16FE-4122-B50D-4E0F4CF6F2B2}.Debug|Any CPU.Build.0 = Debug|Any CPU
		{04540D7B-16FE-4122-B50D-4E0F4CF6F2B2}.Release|Any CPU.ActiveCfg = Release|Any CPU
		{04540D7B-16FE-4122-B50D-4E0F4CF6F2B2}.Release|Any CPU.Build.0 = Release|Any CPU
		{A9D5CF99-3D8F-4E75-904A-55FF38149CA2}.Debug|Any CPU.ActiveCfg = Debug|Any CPU
		{A9D5CF99-3D8F-4E75-904A-55FF38149CA2}.Debug|Any CPU.Build.0 = Debug|Any CPU
		{A9D5CF99-3D8F-4E75-904A-55FF38149CA2}.Release|Any CPU.ActiveCfg = Release|Any CPU
		{A9D5CF99-3D8F-4E75-904A-55FF38149CA2}.Release|Any CPU.Build.0 = Release|Any CPU
	EndGlobalSection
	GlobalSection(SolutionProperties) = preSolution
		HideSolutionNode = FALSE
	EndGlobalSection
	GlobalSection(ExtensibilityGlobals) = postSolution
		SolutionGuid = {7E954515-AFDE-483E-A551-33FFE9A0FDFA}
	EndGlobalSection
EndGlobal
